
Microsoft Visual Studio Solution File, Format Version 12.00
# Visual Studio Version 16
VisualStudioVersion = 16.0.31424.327
MinimumVisualStudioVersion = 10.0.40219.1
Project("{FAE04EC0-301F-11D3-BF4B-00C04F79EFBC}") = "JSharpCompiler", "JSharpCompiler\JSharpCompiler.csproj", "{201B34C0-BD40-4B8A-BBB9-128C4843769A}"
EndProject
Global
	GlobalSection(SolutionConfigurationPlatforms) = preSolution
		Debug|Any CPU = Debug|Any CPU
		Release|Any CPU = Release|Any CPU
	EndGlobalSection
	GlobalSection(ProjectConfigurationPlatforms) = postSolution
		{201B34C0-BD40-4B8A-BBB9-128C4843769A}.Debug|Any CPU.ActiveCfg = Debug|Any CPU
		{201B34C0-BD40-4B8A-BBB9-128C4843769A}.Debug|Any CPU.Build.0 = Debug|Any CPU
		{201B34C0-BD40-4B8A-BBB9-128C4843769A}.Release|Any CPU.ActiveCfg = Release|Any CPU
		{201B34C0-BD40-4B8A-BBB9-128C4843769A}.Release|Any CPU.Build.0 = Release|Any CPU
	EndGlobalSection
	GlobalSection(SolutionProperties) = preSolution
		HideSolutionNode = FALSE
	EndGlobalSection
	GlobalSection(ExtensibilityGlobals) = postSolution
		SolutionGuid = {67C27B52-6A61-4B92-A4E5-EDE36DEE9F19}
	EndGlobalSection
EndGlobal
